# This file is generated by running "yarn install" inside your project.
# Manual changes might be lost - proceed with caution!

__metadata:
  version: 8
  cacheKey: 10c0

"prettier@npm:^3.0.0":
  version: 3.2.4
  resolution: "prettier@npm:3.2.4"
  bin:
    prettier: bin/prettier.cjs
  checksum: 10c0/88dfeb78ac6096522c9a5b81f1413d875f568420d9bb6a5e5103527912519b993f2bcdcac311fcff5718d5869671d44e4f85827d3626f3a6ce32b9abc65d88e0
  languageName: node
  linkType: hard

"renovate-config@workspace:.":
  version: 0.0.0-use.local
  resolution: "renovate-config@workspace:."
  dependencies:
    prettier: "npm:^3.0.0"
  languageName: unknown
  linkType: soft
