# This file is generated by running "yarn install" inside your project.
# Manual changes might be lost - proceed with caution!

__metadata:
  version: 8
  cacheKey: 10c0

"prettier@npm:^3.0.0":
  version: 3.2.3
  resolution: "prettier@npm:3.2.3"
  bin:
    prettier: bin/prettier.cjs
  checksum: 210ad7faa80ebaa285573b1f72cbf852ee5efdf9ec67d4f480af64fcd0510f0c0ba4d92db538bba91bd0aec69772279937ccd30d8482fefb734d38e55173d4e8
  languageName: node
  linkType: hard

"renovate-config@workspace:.":
  version: 0.0.0-use.local
  resolution: "renovate-config@workspace:."
  dependencies:
    prettier: "npm:^3.0.0"
  languageName: unknown
  linkType: soft
